// !$*UTF8*$!
{
	archiveVersion = 1;
	classes = {
	};
	objectVersion = 50;
	objects = {

/* Begin PBXBuildFile section */
		94200D4626951C8900D61707 /* AppDelegate.swift in Sources */ = {isa = PBXBuildFile; fileRef = 94200D4526951C8900D61707 /* AppDelegate.swift */; };
		94200D4826951C8900D61707 /* SceneDelegate.swift in Sources */ = {isa = PBXBuildFile; fileRef = 94200D4726951C8900D61707 /* SceneDelegate.swift */; };
		94200D4A26951C8900D61707 /* ConversionViewController.swift in Sources */ = {isa = PBXBuildFile; fileRef = 94200D4926951C8900D61707 /* ConversionViewController.swift */; };
		94200D4D26951C8900D61707 /* Main.storyboard in Resources */ = {isa = PBXBuildFile; fileRef = 94200D4B26951C8900D61707 /* Main.storyboard */; };
		94200D5026951C8900D61707 /* desafioBTG.xcdatamodeld in Sources */ = {isa = PBXBuildFile; fileRef = 94200D4E26951C8900D61707 /* desafioBTG.xcdatamodeld */; };
		94200D5226951C8D00D61707 /* Assets.xcassets in Resources */ = {isa = PBXBuildFile; fileRef = 94200D5126951C8D00D61707 /* Assets.xcassets */; };
		94200D5526951C8D00D61707 /* LaunchScreen.storyboard in Resources */ = {isa = PBXBuildFile; fileRef = 94200D5326951C8D00D61707 /* LaunchScreen.storyboard */; };
		94200D7F2695290F00D61707 /* NetworkManager.swift in Sources */ = {isa = PBXBuildFile; fileRef = 94200D7E2695290F00D61707 /* NetworkManager.swift */; };
		94200D8126952B3800D61707 /* CurrenciesListModel.swift in Sources */ = {isa = PBXBuildFile; fileRef = 94200D8026952B3800D61707 /* CurrenciesListModel.swift */; };
		94200D8326952CD900D61707 /* QuotesListModel.swift in Sources */ = {isa = PBXBuildFile; fileRef = 94200D8226952CD900D61707 /* QuotesListModel.swift */; };
		944292B426995EA30053BF63 /* Utils.swift in Sources */ = {isa = PBXBuildFile; fileRef = 944292B326995EA30053BF63 /* Utils.swift */; };
		944292B62699645F0053BF63 /* Protocols.swift in Sources */ = {isa = PBXBuildFile; fileRef = 944292B52699645F0053BF63 /* Protocols.swift */; };
		945E07C8269BC81E00CBD271 /* ConversionViewTest.swift in Sources */ = {isa = PBXBuildFile; fileRef = 945E07C7269BC81E00CBD271 /* ConversionViewTest.swift */; };
		94868FC1269ADD6B00429A6A /* NetworkManagerMock.swift in Sources */ = {isa = PBXBuildFile; fileRef = 94868FC0269ADD6B00429A6A /* NetworkManagerMock.swift */; };
		94868FC3269B927600429A6A /* QuotesListMock.json in Resources */ = {isa = PBXBuildFile; fileRef = 94868FC2269B927600429A6A /* QuotesListMock.json */; };
		94868FC5269B939300429A6A /* CurrencyListMock.json in Resources */ = {isa = PBXBuildFile; fileRef = 94868FC4269B939300429A6A /* CurrencyListMock.json */; };
		94868FC7269B96DF00429A6A /* CurrenciesTableViewTest.swift in Sources */ = {isa = PBXBuildFile; fileRef = 94868FC6269B96DF00429A6A /* CurrenciesTableViewTest.swift */; };
		949D9665269542150021A897 /* CurrenciesListViewModel.swift in Sources */ = {isa = PBXBuildFile; fileRef = 949D9664269542150021A897 /* CurrenciesListViewModel.swift */; };
		949D9668269673910021A897 /* ViewCode.swift in Sources */ = {isa = PBXBuildFile; fileRef = 949D9667269673900021A897 /* ViewCode.swift */; };
		949D966A2696756A0021A897 /* ConversionView.swift in Sources */ = {isa = PBXBuildFile; fileRef = 949D96692696756A0021A897 /* ConversionView.swift */; };
		949D966D2696B6BA0021A897 /* DesignSystem.swift in Sources */ = {isa = PBXBuildFile; fileRef = 949D966C2696B6BA0021A897 /* DesignSystem.swift */; };
		949D966F2697CD7F0021A897 /* CurrenciesTableView.swift in Sources */ = {isa = PBXBuildFile; fileRef = 949D966E2697CD7E0021A897 /* CurrenciesTableView.swift */; };
		949D96732697D1AB0021A897 /* CurrenciesTableViewCell.swift in Sources */ = {isa = PBXBuildFile; fileRef = 949D96722697D1AA0021A897 /* CurrenciesTableViewCell.swift */; };
		949D96772697E0040021A897 /* CurrenciesViewController.swift in Sources */ = {isa = PBXBuildFile; fileRef = 949D96762697E0040021A897 /* CurrenciesViewController.swift */; };
		949D9679269813740021A897 /* CurrencyModel.swift in Sources */ = {isa = PBXBuildFile; fileRef = 949D9678269813740021A897 /* CurrencyModel.swift */; };
		949D967B2698E64C0021A897 /* QuotesListViewModel.swift in Sources */ = {isa = PBXBuildFile; fileRef = 949D967A2698E64C0021A897 /* QuotesListViewModel.swift */; };
		949D967D2698EDD10021A897 /* QuoteModel.swift in Sources */ = {isa = PBXBuildFile; fileRef = 949D967C2698EDD10021A897 /* QuoteModel.swift */; };
		94A3A9FC269BD8DE00016C70 /* UtilsMock.swift in Sources */ = {isa = PBXBuildFile; fileRef = 94A3A9FB269BD8DE00016C70 /* UtilsMock.swift */; };
		94A3A9FE269BDC7900016C70 /* CurrenciesListViewModelTest.swift in Sources */ = {isa = PBXBuildFile; fileRef = 94A3A9FD269BDC7900016C70 /* CurrenciesListViewModelTest.swift */; };
		94B449FE272B52BB0031A19F /* MainCoordinator.swift in Sources */ = {isa = PBXBuildFile; fileRef = 94B449FD272B52BA0031A19F /* MainCoordinator.swift */; };
/* End PBXBuildFile section */

/* Begin PBXContainerItemProxy section */
		94200D5C26951C8D00D61707 /* PBXContainerItemProxy */ = {
			isa = PBXContainerItemProxy;
			containerPortal = 94200D3A26951C8900D61707 /* Project object */;
			proxyType = 1;
			remoteGlobalIDString = 94200D4126951C8900D61707;
			remoteInfo = desafioBTG;
		};
/* End PBXContainerItemProxy section */

/* Begin PBXFileReference section */
		94200D4226951C8900D61707 /* desafioBTG.app */ = {isa = PBXFileReference; explicitFileType = wrapper.application; includeInIndex = 0; path = desafioBTG.app; sourceTree = BUILT_PRODUCTS_DIR; };
		94200D4526951C8900D61707 /* AppDelegate.swift */ = {isa = PBXFileReference; lastKnownFileType = sourcecode.swift; path = AppDelegate.swift; sourceTree = "<group>"; };
		94200D4726951C8900D61707 /* SceneDelegate.swift */ = {isa = PBXFileReference; lastKnownFileType = sourcecode.swift; path = SceneDelegate.swift; sourceTree = "<group>"; };
		94200D4926951C8900D61707 /* ConversionViewController.swift */ = {isa = PBXFileReference; lastKnownFileType = sourcecode.swift; path = ConversionViewController.swift; sourceTree = "<group>"; };
		94200D4C26951C8900D61707 /* Base */ = {isa = PBXFileReference; lastKnownFileType = file.storyboard; name = Base; path = Base.lproj/Main.storyboard; sourceTree = "<group>"; };
		94200D4F26951C8900D61707 /* desafioBTG.xcdatamodel */ = {isa = PBXFileReference; lastKnownFileType = wrapper.xcdatamodel; path = desafioBTG.xcdatamodel; sourceTree = "<group>"; };
		94200D5126951C8D00D61707 /* Assets.xcassets */ = {isa = PBXFileReference; lastKnownFileType = folder.assetcatalog; path = Assets.xcassets; sourceTree = "<group>"; };
		94200D5426951C8D00D61707 /* Base */ = {isa = PBXFileReference; lastKnownFileType = file.storyboard; name = Base; path = Base.lproj/LaunchScreen.storyboard; sourceTree = "<group>"; };
		94200D5626951C8D00D61707 /* Info.plist */ = {isa = PBXFileReference; lastKnownFileType = text.plist.xml; path = Info.plist; sourceTree = "<group>"; };
		94200D5B26951C8D00D61707 /* desafioBTGTests.xctest */ = {isa = PBXFileReference; explicitFileType = wrapper.cfbundle; includeInIndex = 0; path = desafioBTGTests.xctest; sourceTree = BUILT_PRODUCTS_DIR; };
		94200D6126951C8D00D61707 /* Info.plist */ = {isa = PBXFileReference; lastKnownFileType = text.plist.xml; path = Info.plist; sourceTree = "<group>"; };
		94200D7E2695290F00D61707 /* NetworkManager.swift */ = {isa = PBXFileReference; lastKnownFileType = sourcecode.swift; path = NetworkManager.swift; sourceTree = "<group>"; };
		94200D8026952B3800D61707 /* CurrenciesListModel.swift */ = {isa = PBXFileReference; lastKnownFileType = sourcecode.swift; path = CurrenciesListModel.swift; sourceTree = "<group>"; };
		94200D8226952CD900D61707 /* QuotesListModel.swift */ = {isa = PBXFileReference; lastKnownFileType = sourcecode.swift; path = QuotesListModel.swift; sourceTree = "<group>"; };
		944292B326995EA30053BF63 /* Utils.swift */ = {isa = PBXFileReference; lastKnownFileType = sourcecode.swift; path = Utils.swift; sourceTree = "<group>"; };
		944292B52699645F0053BF63 /* Protocols.swift */ = {isa = PBXFileReference; lastKnownFileType = sourcecode.swift; path = Protocols.swift; sourceTree = "<group>"; };
		945E07C7269BC81E00CBD271 /* ConversionViewTest.swift */ = {isa = PBXFileReference; lastKnownFileType = sourcecode.swift; path = ConversionViewTest.swift; sourceTree = "<group>"; };
		94868FC0269ADD6B00429A6A /* NetworkManagerMock.swift */ = {isa = PBXFileReference; lastKnownFileType = sourcecode.swift; path = NetworkManagerMock.swift; sourceTree = "<group>"; };
		94868FC2269B927600429A6A /* QuotesListMock.json */ = {isa = PBXFileReference; lastKnownFileType = text.json; path = QuotesListMock.json; sourceTree = "<group>"; };
		94868FC4269B939300429A6A /* CurrencyListMock.json */ = {isa = PBXFileReference; lastKnownFileType = text.json; path = CurrencyListMock.json; sourceTree = "<group>"; };
		94868FC6269B96DF00429A6A /* CurrenciesTableViewTest.swift */ = {isa = PBXFileReference; lastKnownFileType = sourcecode.swift; path = CurrenciesTableViewTest.swift; sourceTree = "<group>"; };
		949D9664269542150021A897 /* CurrenciesListViewModel.swift */ = {isa = PBXFileReference; lastKnownFileType = sourcecode.swift; path = CurrenciesListViewModel.swift; sourceTree = "<group>"; };
		949D9667269673900021A897 /* ViewCode.swift */ = {isa = PBXFileReference; lastKnownFileType = sourcecode.swift; path = ViewCode.swift; sourceTree = "<group>"; };
		949D96692696756A0021A897 /* ConversionView.swift */ = {isa = PBXFileReference; lastKnownFileType = sourcecode.swift; path = ConversionView.swift; sourceTree = "<group>"; };
		949D966C2696B6BA0021A897 /* DesignSystem.swift */ = {isa = PBXFileReference; lastKnownFileType = sourcecode.swift; path = DesignSystem.swift; sourceTree = "<group>"; };
		949D966E2697CD7E0021A897 /* CurrenciesTableView.swift */ = {isa = PBXFileReference; lastKnownFileType = sourcecode.swift; path = CurrenciesTableView.swift; sourceTree = "<group>"; };
		949D96722697D1AA0021A897 /* CurrenciesTableViewCell.swift */ = {isa = PBXFileReference; lastKnownFileType = sourcecode.swift; path = CurrenciesTableViewCell.swift; sourceTree = "<group>"; };
		949D96762697E0040021A897 /* CurrenciesViewController.swift */ = {isa = PBXFileReference; lastKnownFileType = sourcecode.swift; path = CurrenciesViewController.swift; sourceTree = "<group>"; };
		949D9678269813740021A897 /* CurrencyModel.swift */ = {isa = PBXFileReference; lastKnownFileType = sourcecode.swift; path = CurrencyModel.swift; sourceTree = "<group>"; };
		949D967A2698E64C0021A897 /* QuotesListViewModel.swift */ = {isa = PBXFileReference; lastKnownFileType = sourcecode.swift; path = QuotesListViewModel.swift; sourceTree = "<group>"; };
		949D967C2698EDD10021A897 /* QuoteModel.swift */ = {isa = PBXFileReference; lastKnownFileType = sourcecode.swift; path = QuoteModel.swift; sourceTree = "<group>"; };
		94A3A9FB269BD8DE00016C70 /* UtilsMock.swift */ = {isa = PBXFileReference; lastKnownFileType = sourcecode.swift; path = UtilsMock.swift; sourceTree = "<group>"; };
		94A3A9FD269BDC7900016C70 /* CurrenciesListViewModelTest.swift */ = {isa = PBXFileReference; lastKnownFileType = sourcecode.swift; path = CurrenciesListViewModelTest.swift; sourceTree = "<group>"; };
		94B449FD272B52BA0031A19F /* MainCoordinator.swift */ = {isa = PBXFileReference; lastKnownFileType = sourcecode.swift; path = MainCoordinator.swift; sourceTree = "<group>"; };
/* End PBXFileReference section */

/* Begin PBXFrameworksBuildPhase section */
		94200D3F26951C8900D61707 /* Frameworks */ = {
			isa = PBXFrameworksBuildPhase;
			buildActionMask = 2147483647;
			files = (
			);
			runOnlyForDeploymentPostprocessing = 0;
		};
		94200D5826951C8D00D61707 /* Frameworks */ = {
			isa = PBXFrameworksBuildPhase;
			buildActionMask = 2147483647;
			files = (
			);
			runOnlyForDeploymentPostprocessing = 0;
		};
/* End PBXFrameworksBuildPhase section */

/* Begin PBXGroup section */
		94200D3926951C8900D61707 = {
			isa = PBXGroup;
			children = (
				94200D4426951C8900D61707 /* desafioBTG */,
				94200D5E26951C8D00D61707 /* desafioBTGTests */,
				94200D4326951C8900D61707 /* Products */,
			);
			sourceTree = "<group>";
		};
		94200D4326951C8900D61707 /* Products */ = {
			isa = PBXGroup;
			children = (
				94200D4226951C8900D61707 /* desafioBTG.app */,
				94200D5B26951C8D00D61707 /* desafioBTGTests.xctest */,
			);
			name = Products;
			sourceTree = "<group>";
		};
		94200D4426951C8900D61707 /* desafioBTG */ = {
			isa = PBXGroup;
			children = (
				94B449FD272B52BA0031A19F /* MainCoordinator.swift */,
				94200D7C2695216B00D61707 /* Service */,
				94200D7B2695216300D61707 /* Model */,
				94200D792695213F00D61707 /* ViewModel */,
				949D966B2696B6730021A897 /* ViewController */,
				94200D7A2695215900D61707 /* View */,
				94200D7D269521BF00D61707 /* Utils */,
				94200D782695205300D61707 /* Application */,
				94200D4B26951C8900D61707 /* Main.storyboard */,
				94200D5126951C8D00D61707 /* Assets.xcassets */,
				94200D5326951C8D00D61707 /* LaunchScreen.storyboard */,
				94200D5626951C8D00D61707 /* Info.plist */,
				94200D4E26951C8900D61707 /* desafioBTG.xcdatamodeld */,
			);
			path = desafioBTG;
			sourceTree = "<group>";
		};
		94200D5E26951C8D00D61707 /* desafioBTGTests */ = {
			isa = PBXGroup;
			children = (
				94868FC6269B96DF00429A6A /* CurrenciesTableViewTest.swift */,
				945E07C7269BC81E00CBD271 /* ConversionViewTest.swift */,
				94A3A9FD269BDC7900016C70 /* CurrenciesListViewModelTest.swift */,
				94868FBF269ADD3C00429A6A /* Mock */,
				94200D6126951C8D00D61707 /* Info.plist */,
			);
			path = desafioBTGTests;
			sourceTree = "<group>";
		};
		94200D782695205300D61707 /* Application */ = {
			isa = PBXGroup;
			children = (
				94200D4526951C8900D61707 /* AppDelegate.swift */,
				94200D4726951C8900D61707 /* SceneDelegate.swift */,
			);
			path = Application;
			sourceTree = "<group>";
		};
		94200D792695213F00D61707 /* ViewModel */ = {
			isa = PBXGroup;
			children = (
				949D9664269542150021A897 /* CurrenciesListViewModel.swift */,
				949D967A2698E64C0021A897 /* QuotesListViewModel.swift */,
			);
			path = ViewModel;
			sourceTree = "<group>";
		};
		94200D7A2695215900D61707 /* View */ = {
			isa = PBXGroup;
			children = (
				949D96692696756A0021A897 /* ConversionView.swift */,
				949D966E2697CD7E0021A897 /* CurrenciesTableView.swift */,
				949D96722697D1AA0021A897 /* CurrenciesTableViewCell.swift */,
			);
			path = View;
			sourceTree = "<group>";
		};
		94200D7B2695216300D61707 /* Model */ = {
			isa = PBXGroup;
			children = (
				94200D8026952B3800D61707 /* CurrenciesListModel.swift */,
				949D9678269813740021A897 /* CurrencyModel.swift */,
				94200D8226952CD900D61707 /* QuotesListModel.swift */,
				949D967C2698EDD10021A897 /* QuoteModel.swift */,
			);
			path = Model;
			sourceTree = "<group>";
		};
		94200D7C2695216B00D61707 /* Service */ = {
			isa = PBXGroup;
			children = (
				94200D7E2695290F00D61707 /* NetworkManager.swift */,
			);
			path = Service;
			sourceTree = "<group>";
		};
		94200D7D269521BF00D61707 /* Utils */ = {
			isa = PBXGroup;
			children = (
				949D9667269673900021A897 /* ViewCode.swift */,
				949D966C2696B6BA0021A897 /* DesignSystem.swift */,
				944292B326995EA30053BF63 /* Utils.swift */,
				944292B52699645F0053BF63 /* Protocols.swift */,
			);
			path = Utils;
			sourceTree = "<group>";
		};
		94868FBF269ADD3C00429A6A /* Mock */ = {
			isa = PBXGroup;
			children = (
				94868FC0269ADD6B00429A6A /* NetworkManagerMock.swift */,
				94868FC2269B927600429A6A /* QuotesListMock.json */,
				94868FC4269B939300429A6A /* CurrencyListMock.json */,
				94A3A9FB269BD8DE00016C70 /* UtilsMock.swift */,
			);
			path = Mock;
			sourceTree = "<group>";
		};
		949D966B2696B6730021A897 /* ViewController */ = {
			isa = PBXGroup;
			children = (
				94200D4926951C8900D61707 /* ConversionViewController.swift */,
				949D96762697E0040021A897 /* CurrenciesViewController.swift */,
			);
			path = ViewController;
			sourceTree = "<group>";
		};
/* End PBXGroup section */

/* Begin PBXNativeTarget section */
		94200D4126951C8900D61707 /* desafioBTG */ = {
			isa = PBXNativeTarget;
			buildConfigurationList = 94200D6F26951C8D00D61707 /* Build configuration list for PBXNativeTarget "desafioBTG" */;
			buildPhases = (
				94200D3E26951C8900D61707 /* Sources */,
				94200D3F26951C8900D61707 /* Frameworks */,
				94200D4026951C8900D61707 /* Resources */,
			);
			buildRules = (
			);
			dependencies = (
			);
			name = desafioBTG;
			productName = desafioBTG;
			productReference = 94200D4226951C8900D61707 /* desafioBTG.app */;
			productType = "com.apple.product-type.application";
		};
		94200D5A26951C8D00D61707 /* desafioBTGTests */ = {
			isa = PBXNativeTarget;
			buildConfigurationList = 94200D7226951C8D00D61707 /* Build configuration list for PBXNativeTarget "desafioBTGTests" */;
			buildPhases = (
				94200D5726951C8D00D61707 /* Sources */,
				94200D5826951C8D00D61707 /* Frameworks */,
				94200D5926951C8D00D61707 /* Resources */,
			);
			buildRules = (
			);
			dependencies = (
				94200D5D26951C8D00D61707 /* PBXTargetDependency */,
			);
			name = desafioBTGTests;
			productName = desafioBTGTests;
			productReference = 94200D5B26951C8D00D61707 /* desafioBTGTests.xctest */;
			productType = "com.apple.product-type.bundle.unit-test";
		};
/* End PBXNativeTarget section */

/* Begin PBXProject section */
		94200D3A26951C8900D61707 /* Project object */ = {
			isa = PBXProject;
			attributes = {
				LastSwiftUpdateCheck = 1250;
				LastUpgradeCheck = 1250;
				TargetAttributes = {
					94200D4126951C8900D61707 = {
						CreatedOnToolsVersion = 12.5.1;
					};
					94200D5A26951C8D00D61707 = {
						CreatedOnToolsVersion = 12.5.1;
						TestTargetID = 94200D4126951C8900D61707;
					};
				};
			};
			buildConfigurationList = 94200D3D26951C8900D61707 /* Build configuration list for PBXProject "desafioBTG" */;
			compatibilityVersion = "Xcode 9.3";
			developmentRegion = en;
			hasScannedForEncodings = 0;
			knownRegions = (
				en,
				Base,
			);
			mainGroup = 94200D3926951C8900D61707;
			productRefGroup = 94200D4326951C8900D61707 /* Products */;
			projectDirPath = "";
			projectRoot = "";
			targets = (
				94200D4126951C8900D61707 /* desafioBTG */,
				94200D5A26951C8D00D61707 /* desafioBTGTests */,
			);
		};
/* End PBXProject section */

/* Begin PBXResourcesBuildPhase section */
		94200D4026951C8900D61707 /* Resources */ = {
			isa = PBXResourcesBuildPhase;
			buildActionMask = 2147483647;
			files = (
				94200D5526951C8D00D61707 /* LaunchScreen.storyboard in Resources */,
				94200D5226951C8D00D61707 /* Assets.xcassets in Resources */,
				94200D4D26951C8900D61707 /* Main.storyboard in Resources */,
			);
			runOnlyForDeploymentPostprocessing = 0;
		};
		94200D5926951C8D00D61707 /* Resources */ = {
			isa = PBXResourcesBuildPhase;
			buildActionMask = 2147483647;
			files = (
				94868FC5269B939300429A6A /* CurrencyListMock.json in Resources */,
				94868FC3269B927600429A6A /* QuotesListMock.json in Resources */,
			);
			runOnlyForDeploymentPostprocessing = 0;
		};
/* End PBXResourcesBuildPhase section */

/* Begin PBXSourcesBuildPhase section */
		94200D3E26951C8900D61707 /* Sources */ = {
			isa = PBXSourcesBuildPhase;
			buildActionMask = 2147483647;
			files = (
				949D9679269813740021A897 /* CurrencyModel.swift in Sources */,
				949D96772697E0040021A897 /* CurrenciesViewController.swift in Sources */,
				949D966F2697CD7F0021A897 /* CurrenciesTableView.swift in Sources */,
				94200D4A26951C8900D61707 /* ConversionViewController.swift in Sources */,
				94200D4626951C8900D61707 /* AppDelegate.swift in Sources */,
				949D9668269673910021A897 /* ViewCode.swift in Sources */,
				949D967D2698EDD10021A897 /* QuoteModel.swift in Sources */,
				94200D7F2695290F00D61707 /* NetworkManager.swift in Sources */,
				949D96732697D1AB0021A897 /* CurrenciesTableViewCell.swift in Sources */,
				949D9665269542150021A897 /* CurrenciesListViewModel.swift in Sources */,
				94200D4826951C8900D61707 /* SceneDelegate.swift in Sources */,
				94200D8326952CD900D61707 /* QuotesListModel.swift in Sources */,
				949D966D2696B6BA0021A897 /* DesignSystem.swift in Sources */,
				94B449FE272B52BB0031A19F /* MainCoordinator.swift in Sources */,
				94200D8126952B3800D61707 /* CurrenciesListModel.swift in Sources */,
				944292B62699645F0053BF63 /* Protocols.swift in Sources */,
				94200D5026951C8900D61707 /* desafioBTG.xcdatamodeld in Sources */,
				949D966A2696756A0021A897 /* ConversionView.swift in Sources */,
				944292B426995EA30053BF63 /* Utils.swift in Sources */,
				949D967B2698E64C0021A897 /* QuotesListViewModel.swift in Sources */,
			);
			runOnlyForDeploymentPostprocessing = 0;
		};
		94200D5726951C8D00D61707 /* Sources */ = {
			isa = PBXSourcesBuildPhase;
			buildActionMask = 2147483647;
			files = (
				94868FC1269ADD6B00429A6A /* NetworkManagerMock.swift in Sources */,
				94868FC7269B96DF00429A6A /* CurrenciesTableViewTest.swift in Sources */,
				945E07C8269BC81E00CBD271 /* ConversionViewTest.swift in Sources */,
				94A3A9FC269BD8DE00016C70 /* UtilsMock.swift in Sources */,
				94A3A9FE269BDC7900016C70 /* CurrenciesListViewModelTest.swift in Sources */,
			);
			runOnlyForDeploymentPostprocessing = 0;
		};
/* End PBXSourcesBuildPhase section */

/* Begin PBXTargetDependency section */
		94200D5D26951C8D00D61707 /* PBXTargetDependency */ = {
			isa = PBXTargetDependency;
			target = 94200D4126951C8900D61707 /* desafioBTG */;
			targetProxy = 94200D5C26951C8D00D61707 /* PBXContainerItemProxy */;
		};
/* End PBXTargetDependency section */

/* Begin PBXVariantGroup section */
		94200D4B26951C8900D61707 /* Main.storyboard */ = {
			isa = PBXVariantGroup;
			children = (
				94200D4C26951C8900D61707 /* Base */,
			);
			name = Main.storyboard;
			sourceTree = "<group>";
		};
		94200D5326951C8D00D61707 /* LaunchScreen.storyboard */ = {
			isa = PBXVariantGroup;
			children = (
				94200D5426951C8D00D61707 /* Base */,
			);
			name = LaunchScreen.storyboard;
			sourceTree = "<group>";
		};
/* End PBXVariantGroup section */

/* Begin XCBuildConfiguration section */
		94200D6D26951C8D00D61707 /* Debug */ = {
			isa = XCBuildConfiguration;
			buildSettings = {
				ALWAYS_SEARCH_USER_PATHS = NO;
				CLANG_ANALYZER_NONNULL = YES;
				CLANG_ANALYZER_NUMBER_OBJECT_CONVERSION = YES_AGGRESSIVE;
				CLANG_CXX_LANGUAGE_STANDARD = "gnu++14";
				CLANG_CXX_LIBRARY = "libc++";
				CLANG_ENABLE_MODULES = YES;
				CLANG_ENABLE_OBJC_ARC = YES;
				CLANG_ENABLE_OBJC_WEAK = YES;
				CLANG_WARN_BLOCK_CAPTURE_AUTORELEASING = YES;
				CLANG_WARN_BOOL_CONVERSION = YES;
				CLANG_WARN_COMMA = YES;
				CLANG_WARN_CONSTANT_CONVERSION = YES;
				CLANG_WARN_DEPRECATED_OBJC_IMPLEMENTATIONS = YES;
				CLANG_WARN_DIRECT_OBJC_ISA_USAGE = YES_ERROR;
				CLANG_WARN_DOCUMENTATION_COMMENTS = YES;
				CLANG_WARN_EMPTY_BODY = YES;
				CLANG_WARN_ENUM_CONVERSION = YES;
				CLANG_WARN_INFINITE_RECURSION = YES;
				CLANG_WARN_INT_CONVERSION = YES;
				CLANG_WARN_NON_LITERAL_NULL_CONVERSION = YES;
				CLANG_WARN_OBJC_IMPLICIT_RETAIN_SELF = YES;
				CLANG_WARN_OBJC_LITERAL_CONVERSION = YES;
				CLANG_WARN_OBJC_ROOT_CLASS = YES_ERROR;
				CLANG_WARN_QUOTED_INCLUDE_IN_FRAMEWORK_HEADER = YES;
				CLANG_WARN_RANGE_LOOP_ANALYSIS = YES;
				CLANG_WARN_STRICT_PROTOTYPES = YES;
				CLANG_WARN_SUSPICIOUS_MOVE = YES;
				CLANG_WARN_UNGUARDED_AVAILABILITY = YES_AGGRESSIVE;
				CLANG_WARN_UNREACHABLE_CODE = YES;
				CLANG_WARN__DUPLICATE_METHOD_MATCH = YES;
				COPY_PHASE_STRIP = NO;
				DEBUG_INFORMATION_FORMAT = dwarf;
				ENABLE_STRICT_OBJC_MSGSEND = YES;
				ENABLE_TESTABILITY = YES;
				GCC_C_LANGUAGE_STANDARD = gnu11;
				GCC_DYNAMIC_NO_PIC = NO;
				GCC_NO_COMMON_BLOCKS = YES;
				GCC_OPTIMIZATION_LEVEL = 0;
				GCC_PREPROCESSOR_DEFINITIONS = (
					"DEBUG=1",
					"$(inherited)",
				);
				GCC_WARN_64_TO_32_BIT_CONVERSION = YES;
				GCC_WARN_ABOUT_RETURN_TYPE = YES_ERROR;
				GCC_WARN_UNDECLARED_SELECTOR = YES;
				GCC_WARN_UNINITIALIZED_AUTOS = YES_AGGRESSIVE;
				GCC_WARN_UNUSED_FUNCTION = YES;
				GCC_WARN_UNUSED_VARIABLE = YES;
				IPHONEOS_DEPLOYMENT_TARGET = 14.5;
				MTL_ENABLE_DEBUG_INFO = INCLUDE_SOURCE;
				MTL_FAST_MATH = YES;
				ONLY_ACTIVE_ARCH = YES;
				SDKROOT = iphoneos;
				SWIFT_ACTIVE_COMPILATION_CONDITIONS = DEBUG;
				SWIFT_OPTIMIZATION_LEVEL = "-Onone";
			};
			name = Debug;
		};
		94200D6E26951C8D00D61707 /* Release */ = {
			isa = XCBuildConfiguration;
			buildSettings = {
				ALWAYS_SEARCH_USER_PATHS = NO;
				CLANG_ANALYZER_NONNULL = YES;
				CLANG_ANALYZER_NUMBER_OBJECT_CONVERSION = YES_AGGRESSIVE;
				CLANG_CXX_LANGUAGE_STANDARD = "gnu++14";
				CLANG_CXX_LIBRARY = "libc++";
				CLANG_ENABLE_MODULES = YES;
				CLANG_ENABLE_OBJC_ARC = YES;
				CLANG_ENABLE_OBJC_WEAK = YES;
				CLANG_WARN_BLOCK_CAPTURE_AUTORELEASING = YES;
				CLANG_WARN_BOOL_CONVERSION = YES;
				CLANG_WARN_COMMA = YES;
				CLANG_WARN_CONSTANT_CONVERSION = YES;
				CLANG_WARN_DEPRECATED_OBJC_IMPLEMENTATIONS = YES;
				CLANG_WARN_DIRECT_OBJC_ISA_USAGE = YES_ERROR;
				CLANG_WARN_DOCUMENTATION_COMMENTS = YES;
				CLANG_WARN_EMPTY_BODY = YES;
				CLANG_WARN_ENUM_CONVERSION = YES;
				CLANG_WARN_INFINITE_RECURSION = YES;
				CLANG_WARN_INT_CONVERSION = YES;
				CLANG_WARN_NON_LITERAL_NULL_CONVERSION = YES;
				CLANG_WARN_OBJC_IMPLICIT_RETAIN_SELF = YES;
				CLANG_WARN_OBJC_LITERAL_CONVERSION = YES;
				CLANG_WARN_OBJC_ROOT_CLASS = YES_ERROR;
				CLANG_WARN_QUOTED_INCLUDE_IN_FRAMEWORK_HEADER = YES;
				CLANG_WARN_RANGE_LOOP_ANALYSIS = YES;
				CLANG_WARN_STRICT_PROTOTYPES = YES;
				CLANG_WARN_SUSPICIOUS_MOVE = YES;
				CLANG_WARN_UNGUARDED_AVAILABILITY = YES_AGGRESSIVE;
				CLANG_WARN_UNREACHABLE_CODE = YES;
				CLANG_WARN__DUPLICATE_METHOD_MATCH = YES;
				COPY_PHASE_STRIP = NO;
				DEBUG_INFORMATION_FORMAT = "dwarf-with-dsym";
				ENABLE_NS_ASSERTIONS = NO;
				ENABLE_STRICT_OBJC_MSGSEND = YES;
				GCC_C_LANGUAGE_STANDARD = gnu11;
				GCC_NO_COMMON_BLOCKS = YES;
				GCC_WARN_64_TO_32_BIT_CONVERSION = YES;
				GCC_WARN_ABOUT_RETURN_TYPE = YES_ERROR;
				GCC_WARN_UNDECLARED_SELECTOR = YES;
				GCC_WARN_UNINITIALIZED_AUTOS = YES_AGGRESSIVE;
				GCC_WARN_UNUSED_FUNCTION = YES;
				GCC_WARN_UNUSED_VARIABLE = YES;
				IPHONEOS_DEPLOYMENT_TARGET = 14.5;
				MTL_ENABLE_DEBUG_INFO = NO;
				MTL_FAST_MATH = YES;
				SDKROOT = iphoneos;
				SWIFT_COMPILATION_MODE = wholemodule;
				SWIFT_OPTIMIZATION_LEVEL = "-O";
				VALIDATE_PRODUCT = YES;
			};
			name = Release;
		};
		94200D7026951C8D00D61707 /* Debug */ = {
			isa = XCBuildConfiguration;
			buildSettings = {
				ASSETCATALOG_COMPILER_APPICON_NAME = AppIcon;
				ASSETCATALOG_COMPILER_GLOBAL_ACCENT_COLOR_NAME = AccentColor;
				CODE_SIGN_STYLE = Automatic;
				DEVELOPMENT_TEAM = QS7SSX5DQ3;
				INFOPLIST_FILE = desafioBTG/Info.plist;
				LD_RUNPATH_SEARCH_PATHS = (
					"$(inherited)",
					"@executable_path/Frameworks",
				);
				PRODUCT_BUNDLE_IDENTIFIER = br.com.paulo.desafioBTG;
				PRODUCT_NAME = "$(TARGET_NAME)";
				SWIFT_VERSION = 5.0;
				TARGETED_DEVICE_FAMILY = "1,2";
			};
			name = Debug;
		};
		94200D7126951C8D00D61707 /* Release */ = {
			isa = XCBuildConfiguration;
			buildSettings = {
				ASSETCATALOG_COMPILER_APPICON_NAME = AppIcon;
				ASSETCATALOG_COMPILER_GLOBAL_ACCENT_COLOR_NAME = AccentColor;
				CODE_SIGN_STYLE = Automatic;
				DEVELOPMENT_TEAM = QS7SSX5DQ3;
				INFOPLIST_FILE = desafioBTG/Info.plist;
				LD_RUNPATH_SEARCH_PATHS = (
					"$(inherited)",
					"@executable_path/Frameworks",
				);
				PRODUCT_BUNDLE_IDENTIFIER = br.com.paulo.desafioBTG;
				PRODUCT_NAME = "$(TARGET_NAME)";
				SWIFT_VERSION = 5.0;
				TARGETED_DEVICE_FAMILY = "1,2";
			};
			name = Release;
		};
		94200D7326951C8D00D61707 /* Debug */ = {
			isa = XCBuildConfiguration;
			buildSettings = {
				ALWAYS_EMBED_SWIFT_STANDARD_LIBRARIES = YES;
				BUNDLE_LOADER = "$(TEST_HOST)";
				CODE_SIGN_STYLE = Automatic;
				DEVELOPMENT_TEAM = QS7SSX5DQ3;
				INFOPLIST_FILE = desafioBTGTests/Info.plist;
				IPHONEOS_DEPLOYMENT_TARGET = 14.5;
				LD_RUNPATH_SEARCH_PATHS = (
					"$(inherited)",
					"@executable_path/Frameworks",
					"@loader_path/Frameworks",
				);
				PRODUCT_BUNDLE_IDENTIFIER = br.com.paulo.desafioBTGTests;
				PRODUCT_NAME = "$(TARGET_NAME)";
				SWIFT_VERSION = 5.0;
				TARGETED_DEVICE_FAMILY = "1,2";
				TEST_HOST = "$(BUILT_PRODUCTS_DIR)/desafioBTG.app/desafioBTG";
			};
			name = Debug;
		};
		94200D7426951C8D00D61707 /* Release */ = {
			isa = XCBuildConfiguration;
			buildSettings = {
				ALWAYS_EMBED_SWIFT_STANDARD_LIBRARIES = YES;
				BUNDLE_LOADER = "$(TEST_HOST)";
				CODE_SIGN_STYLE = Automatic;
				DEVELOPMENT_TEAM = QS7SSX5DQ3;
				INFOPLIST_FILE = desafioBTGTests/Info.plist;
				IPHONEOS_DEPLOYMENT_TARGET = 14.5;
				LD_RUNPATH_SEARCH_PATHS = (
					"$(inherited)",
					"@executable_path/Frameworks",
					"@loader_path/Frameworks",
				);
				PRODUCT_BUNDLE_IDENTIFIER = br.com.paulo.desafioBTGTests;
				PRODUCT_NAME = "$(TARGET_NAME)";
				SWIFT_VERSION = 5.0;
				TARGETED_DEVICE_FAMILY = "1,2";
				TEST_HOST = "$(BUILT_PRODUCTS_DIR)/desafioBTG.app/desafioBTG";
			};
			name = Release;
		};
/* End XCBuildConfiguration section */

/* Begin XCConfigurationList section */
		94200D3D26951C8900D61707 /* Build configuration list for PBXProject "desafioBTG" */ = {
			isa = XCConfigurationList;
			buildConfigurations = (
				94200D6D26951C8D00D61707 /* Debug */,
				94200D6E26951C8D00D61707 /* Release */,
			);
			defaultConfigurationIsVisible = 0;
			defaultConfigurationName = Release;
		};
		94200D6F26951C8D00D61707 /* Build configuration list for PBXNativeTarget "desafioBTG" */ = {
			isa = XCConfigurationList;
			buildConfigurations = (
				94200D7026951C8D00D61707 /* Debug */,
				94200D7126951C8D00D61707 /* Release */,
			);
			defaultConfigurationIsVisible = 0;
			defaultConfigurationName = Release;
		};
		94200D7226951C8D00D61707 /* Build configuration list for PBXNativeTarget "desafioBTGTests" */ = {
			isa = XCConfigurationList;
			buildConfigurations = (
				94200D7326951C8D00D61707 /* Debug */,
				94200D7426951C8D00D61707 /* Release */,
			);
			defaultConfigurationIsVisible = 0;
			defaultConfigurationName = Release;
		};
/* End XCConfigurationList section */

/* Begin XCVersionGroup section */
		94200D4E26951C8900D61707 /* desafioBTG.xcdatamodeld */ = {
			isa = XCVersionGroup;
			children = (
				94200D4F26951C8900D61707 /* desafioBTG.xcdatamodel */,
			);
			currentVersion = 94200D4F26951C8900D61707 /* desafioBTG.xcdatamodel */;
			path = desafioBTG.xcdatamodeld;
			sourceTree = "<group>";
			versionGroupType = wrapper.xcdatamodel;
		};
/* End XCVersionGroup section */
	};
	rootObject = 94200D3A26951C8900D61707 /* Project object */;
}
